
Microsoft Visual Studio Solution File, Format Version 12.00
# Visual Studio Version 17
VisualStudioVersion = 17.11.35222.181
MinimumVisualStudioVersion = 10.0.40219.1
Project("{9A19103F-16F7-4668-BE54-9A1E7A4F7556}") = "AnimeDbWebApp", "AnimeDbWebApp\AnimeDbWebApp.csproj", "{7C054A10-AC29-4BBF-8441-760D3F9C8E6B}"
EndProject
Project("{2150E333-8FDC-42A3-9474-1A3956D46DE8}") = "Web", "Web", "{6F6EF0DC-34CE-4AD6-9904-7CA01829CEFA}"
EndProject
Project("{2150E333-8FDC-42A3-9474-1A3956D46DE8}") = "Data", "Data", "{1FF19E40-E967-4F30-81F9-782982DD7E8F}"
EndProject
Project("{9A19103F-16F7-4668-BE54-9A1E7A4F7556}") = "AnimeDbWebApp.Data", "AnimeDbWebApp.Data\AnimeDbWebApp.Data.csproj", "{83671E03-0DCA-4FA5-8B37-84E62F7E2A21}"
EndProject
Project("{9A19103F-16F7-4668-BE54-9A1E7A4F7556}") = "AnimeDbWebApp.Models", "AnimeDbWebApp.Models\AnimeDbWebApp.Models.csproj", "{7D2F5EE0-E97B-4F0E-A6A5-58DAACDDCE75}"
EndProject
Project("{9A19103F-16F7-4668-BE54-9A1E7A4F7556}") = "AnimeDbWebApp.Common", "AnimeDbWebApp.Common\AnimeDbWebApp.Common.csproj", "{8F31B2CE-8257-4D0D-98EE-23AE681598C5}"
EndProject
Project("{9A19103F-16F7-4668-BE54-9A1E7A4F7556}") = "AnimeDbWebApp.ViewModels", "AnimeDbWebApp.ViewModels\AnimeDbWebApp.ViewModels.csproj", "{152FAB80-6FE2-486B-B7C2-66BE3E4681E9}"
EndProject
Project("{9A19103F-16F7-4668-BE54-9A1E7A4F7556}") = "AnimeDbWebApp.DTOs", "AnimeDbWebApp.DTOs\AnimeDbWebApp.DTOs.csproj", "{626A3387-AC5E-46F0-9B56-89619D349419}"
EndProject
Project("{2150E333-8FDC-42A3-9474-1A3956D46DE8}") = "Infrastructure", "Infrastructure", "{EA97EE3F-C7EE-4B8D-BC60-7E0C5DC9502F}"
EndProject
Project("{9A19103F-16F7-4668-BE54-9A1E7A4F7556}") = "AnimeDbWebApp.Mapping", "AnimeDbWebApp.Mapping\AnimeDbWebApp.Mapping.csproj", "{83DCBD91-5635-4D80-8DF3-63DCC805AA4F}"
EndProject
Project("{9A19103F-16F7-4668-BE54-9A1E7A4F7556}") = "AnimeDbWebApp.Extensions", "AnimeDbWebApp.Extensions\AnimeDbWebApp.Extensions.csproj", "{1D338962-F104-482A-84C0-6A77B49A2A84}"
EndProject
Project("{9A19103F-16F7-4668-BE54-9A1E7A4F7556}") = "AnimeDbWebApp.Services", "AnimeDbWebApp.Services\AnimeDbWebApp.Services.csproj", "{52BD0536-5D0A-492F-8729-29B4898B4AD8}"
EndProject
Project("{FAE04EC0-301F-11D3-BF4B-00C04F79EFBC}") = "AnimeDbWebApp.AdminViewModels", "AnimeDbWebApp.AdminViewModels\AnimeDbWebApp.AdminViewModels.csproj", "{8CAEEF5F-AB59-42C0-9002-DB579022ED9D}"
EndProject
Global
	GlobalSection(SolutionConfigurationPlatforms) = preSolution
		Debug|Any CPU = Debug|Any CPU
		Release|Any CPU = Release|Any CPU
	EndGlobalSection
	GlobalSection(ProjectConfigurationPlatforms) = postSolution
		{7C054A10-AC29-4BBF-8441-760D3F9C8E6B}.Debug|Any CPU.ActiveCfg = Debug|Any CPU
		{7C054A10-AC29-4BBF-8441-760D3F9C8E6B}.Debug|Any CPU.Build.0 = Debug|Any CPU
		{7C054A10-AC29-4BBF-8441-760D3F9C8E6B}.Release|Any CPU.ActiveCfg = Release|Any CPU
		{7C054A10-AC29-4BBF-8441-760D3F9C8E6B}.Release|Any CPU.Build.0 = Release|Any CPU
		{83671E03-0DCA-4FA5-8B37-84E62F7E2A21}.Debug|Any CPU.ActiveCfg = Debug|Any CPU
		{83671E03-0DCA-4FA5-8B37-84E62F7E2A21}.Debug|Any CPU.Build.0 = Debug|Any CPU
		{83671E03-0DCA-4FA5-8B37-84E62F7E2A21}.Release|Any CPU.ActiveCfg = Release|Any CPU
		{83671E03-0DCA-4FA5-8B37-84E62F7E2A21}.Release|Any CPU.Build.0 = Release|Any CPU
		{7D2F5EE0-E97B-4F0E-A6A5-58DAACDDCE75}.Debug|Any CPU.ActiveCfg = Debug|Any CPU
		{7D2F5EE0-E97B-4F0E-A6A5-58DAACDDCE75}.Debug|Any CPU.Build.0 = Debug|Any CPU
		{7D2F5EE0-E97B-4F0E-A6A5-58DAACDDCE75}.Release|Any CPU.ActiveCfg = Release|Any CPU
		{7D2F5EE0-E97B-4F0E-A6A5-58DAACDDCE75}.Release|Any CPU.Build.0 = Release|Any CPU
		{8F31B2CE-8257-4D0D-98EE-23AE681598C5}.Debug|Any CPU.ActiveCfg = Debug|Any CPU
		{8F31B2CE-8257-4D0D-98EE-23AE681598C5}.Debug|Any CPU.Build.0 = Debug|Any CPU
		{8F31B2CE-8257-4D0D-98EE-23AE681598C5}.Release|Any CPU.ActiveCfg = Release|Any CPU
		{8F31B2CE-8257-4D0D-98EE-23AE681598C5}.Release|Any CPU.Build.0 = Release|Any CPU
		{152FAB80-6FE2-486B-B7C2-66BE3E4681E9}.Debug|Any CPU.ActiveCfg = Debug|Any CPU
		{152FAB80-6FE2-486B-B7C2-66BE3E4681E9}.Debug|Any CPU.Build.0 = Debug|Any CPU
		{152FAB80-6FE2-486B-B7C2-66BE3E4681E9}.Release|Any CPU.ActiveCfg = Release|Any CPU
		{152FAB80-6FE2-486B-B7C2-66BE3E4681E9}.Release|Any CPU.Build.0 = Release|Any CPU
		{626A3387-AC5E-46F0-9B56-89619D349419}.Debug|Any CPU.ActiveCfg = Debug|Any CPU
		{626A3387-AC5E-46F0-9B56-89619D349419}.Debug|Any CPU.Build.0 = Debug|Any CPU
		{626A3387-AC5E-46F0-9B56-89619D349419}.Release|Any CPU.ActiveCfg = Release|Any CPU
		{626A3387-AC5E-46F0-9B56-89619D349419}.Release|Any CPU.Build.0 = Release|Any CPU
		{83DCBD91-5635-4D80-8DF3-63DCC805AA4F}.Debug|Any CPU.ActiveCfg = Debug|Any CPU
		{83DCBD91-5635-4D80-8DF3-63DCC805AA4F}.Debug|Any CPU.Build.0 = Debug|Any CPU
		{83DCBD91-5635-4D80-8DF3-63DCC805AA4F}.Release|Any CPU.ActiveCfg = Release|Any CPU
		{83DCBD91-5635-4D80-8DF3-63DCC805AA4F}.Release|Any CPU.Build.0 = Release|Any CPU
		{1D338962-F104-482A-84C0-6A77B49A2A84}.Debug|Any CPU.ActiveCfg = Debug|Any CPU
		{1D338962-F104-482A-84C0-6A77B49A2A84}.Debug|Any CPU.Build.0 = Debug|Any CPU
		{1D338962-F104-482A-84C0-6A77B49A2A84}.Release|Any CPU.ActiveCfg = Release|Any CPU
		{1D338962-F104-482A-84C0-6A77B49A2A84}.Release|Any CPU.Build.0 = Release|Any CPU
		{52BD0536-5D0A-492F-8729-29B4898B4AD8}.Debug|Any CPU.ActiveCfg = Debug|Any CPU
		{52BD0536-5D0A-492F-8729-29B4898B4AD8}.Debug|Any CPU.Build.0 = Debug|Any CPU
		{52BD0536-5D0A-492F-8729-29B4898B4AD8}.Release|Any CPU.ActiveCfg = Release|Any CPU
		{52BD0536-5D0A-492F-8729-29B4898B4AD8}.Release|Any CPU.Build.0 = Release|Any CPU
		{8CAEEF5F-AB59-42C0-9002-DB579022ED9D}.Debug|Any CPU.ActiveCfg = Debug|Any CPU
		{8CAEEF5F-AB59-42C0-9002-DB579022ED9D}.Debug|Any CPU.Build.0 = Debug|Any CPU
		{8CAEEF5F-AB59-42C0-9002-DB579022ED9D}.Release|Any CPU.ActiveCfg = Release|Any CPU
		{8CAEEF5F-AB59-42C0-9002-DB579022ED9D}.Release|Any CPU.Build.0 = Release|Any CPU
	EndGlobalSection
	GlobalSection(SolutionProperties) = preSolution
		HideSolutionNode = FALSE
	EndGlobalSection
	GlobalSection(NestedProjects) = preSolution
		{7C054A10-AC29-4BBF-8441-760D3F9C8E6B} = {6F6EF0DC-34CE-4AD6-9904-7CA01829CEFA}
		{83671E03-0DCA-4FA5-8B37-84E62F7E2A21} = {1FF19E40-E967-4F30-81F9-782982DD7E8F}
		{7D2F5EE0-E97B-4F0E-A6A5-58DAACDDCE75} = {1FF19E40-E967-4F30-81F9-782982DD7E8F}
		{152FAB80-6FE2-486B-B7C2-66BE3E4681E9} = {6F6EF0DC-34CE-4AD6-9904-7CA01829CEFA}
		{626A3387-AC5E-46F0-9B56-89619D349419} = {1FF19E40-E967-4F30-81F9-782982DD7E8F}
		{83DCBD91-5635-4D80-8DF3-63DCC805AA4F} = {EA97EE3F-C7EE-4B8D-BC60-7E0C5DC9502F}
		{1D338962-F104-482A-84C0-6A77B49A2A84} = {EA97EE3F-C7EE-4B8D-BC60-7E0C5DC9502F}
		{52BD0536-5D0A-492F-8729-29B4898B4AD8} = {EA97EE3F-C7EE-4B8D-BC60-7E0C5DC9502F}
		{8CAEEF5F-AB59-42C0-9002-DB579022ED9D} = {6F6EF0DC-34CE-4AD6-9904-7CA01829CEFA}
	EndGlobalSection
	GlobalSection(ExtensibilityGlobals) = postSolution
		SolutionGuid = {4D289D47-F8B8-4B60-9F9A-4FAFC32FCC2C}
	EndGlobalSection
EndGlobal
